
Microsoft Visual Studio Solution File, Format Version 12.00
# Visual Studio Version 17
VisualStudioVersion = 17.0.31903.59
MinimumVisualStudioVersion = 10.0.40219.1
Project("{FAE04EC0-301F-11D3-BF4B-00C04F79EFBC}") = "minimal-api", "minimal-api\minimal-api.csproj", "{309B7FA0-92C0-47FA-B0A6-CB2E9181ADDA}"
EndProject
Project("{FAE04EC0-301F-11D3-BF4B-00C04F79EFBC}") = "test", "test\test.csproj", "{49D38108-D2D1-4820-BCDE-C623A2E243BF}"
EndProject
Global
	GlobalSection(SolutionConfigurationPlatforms) = preSolution
		Debug|Any CPU = Debug|Any CPU
		Release|Any CPU = Release|Any CPU
	EndGlobalSection
	GlobalSection(SolutionProperties) = preSolution
		HideSolutionNode = FALSE
	EndGlobalSection
	GlobalSection(ProjectConfigurationPlatforms) = postSolution
		{309B7FA0-92C0-47FA-B0A6-CB2E9181ADDA}.Debug|Any CPU.ActiveCfg = Debug|Any CPU
		{309B7FA0-92C0-47FA-B0A6-CB2E9181ADDA}.Debug|Any CPU.Build.0 = Debug|Any CPU
		{309B7FA0-92C0-47FA-B0A6-CB2E9181ADDA}.Release|Any CPU.ActiveCfg = Release|Any CPU
		{309B7FA0-92C0-47FA-B0A6-CB2E9181ADDA}.Release|Any CPU.Build.0 = Release|Any CPU
		{49D38108-D2D1-4820-BCDE-C623A2E243BF}.Debug|Any CPU.ActiveCfg = Debug|Any CPU
		{49D38108-D2D1-4820-BCDE-C623A2E243BF}.Debug|Any CPU.Build.0 = Debug|Any CPU
		{49D38108-D2D1-4820-BCDE-C623A2E243BF}.Release|Any CPU.ActiveCfg = Release|Any CPU
		{49D38108-D2D1-4820-BCDE-C623A2E243BF}.Release|Any CPU.Build.0 = Release|Any CPU
	EndGlobalSection
EndGlobal
